{
  "name": "@quility/ui-react",
  "version": "0.0.0",
  "lockfileVersion": 3,
  "requires": true,
  "packages": {
    "": {
      "name": "@quility/ui-react",
      "version": "0.0.0",
      "bundleDependencies": [
        "@org/design-tokens"
      ],
      "dependencies": {
        "@org/design-tokens": "^0.0.0",
        "date-fns": "^4.1.0"
      },
      "devDependencies": {
        "@storybook/addon-docs": "^8.6.14",
        "@storybook/addon-essentials": "^8.6.14",
        "@storybook/addon-interactions": "^8.6.14",
        "@storybook/addon-links": "^8.6.15",
        "@storybook/blocks": "^8.6.14",
        "@storybook/preview-api": "^8.6.15",
        "@storybook/react": "^8.6.15",
        "@storybook/react-vite": "^8.6.15",
        "@storybook/test": "^8.6.15",
        "@types/node": "^22.10.2",
        "@types/react": "^18.3.3",
        "@types/react-dom": "^18.3.0",
        "@vitejs/plugin-react": "^5.1.2",
        "react": "^18.3.1",
        "react-dom": "^18.3.1",
        "storybook": "^8.6.15",
        "vite": "^7.3.1",
        "vite-plugin-dts": "^4.5.0"
      },
      "peerDependencies": {
        "react": "^18.0.0 || ^19.0.0",
        "react-dom": "^18.0.0 || ^19.0.0"
      }
    },
    "../../node_modules/.pnpm/@storybook+addon-docs@8.6.14_@types+react@19.2.7_storybook@8.6.15/node_modules/@storybook/addon-docs": {
      "version": "8.6.14",
      "dev": true,
      "license": "MIT",
      "dependencies": {
        "@mdx-js/react": "^3.0.0",
        "@storybook/blocks": "8.6.14",
        "@storybook/csf-plugin": "8.6.14",
        "@storybook/react-dom-shim": "8.6.14",
        "react": "^16.8.0 || ^17.0.0 || ^18.0.0 || ^19.0.0",
        "react-dom": "^16.8.0 || ^17.0.0 || ^18.0.0 || ^19.0.0",
        "ts-dedent": "^2.0.0"
      },
      "devDependencies": {
        "@mdx-js/mdx": "^3.0.0",
        "@rollup/pluginutils": "^5.0.2",
        "@types/react": "^16.8.0 || ^17.0.0 || ^18.0.0 || ^19.0.0",
        "react": "^18.2.0",
        "react-dom": "^18.2.0",
        "rehype-external-links": "^3.0.0",
        "rehype-slug": "^6.0.0",
        "typescript": "^5.7.3",
        "vite": "^4.0.4"
      },
      "funding": {
        "type": "opencollective",
        "url": "https://opencollective.com/storybook"
      },
      "peerDependencies": {
        "storybook": "^8.6.14"
      }
    },
    "../../node_modules/.pnpm/@storybook+addon-essentials@8.6.14_@types+react@19.2.7_storybook@8.6.15/node_modules/@storybook/addon-essentials": {
      "version": "8.6.14",
      "dev": true,
      "license": "MIT",
      "dependencies": {
        "@storybook/addon-actions": "8.6.14",
        "@storybook/addon-backgrounds": "8.6.14",
        "@storybook/addon-controls": "8.6.14",
        "@storybook/addon-docs": "8.6.14",
        "@storybook/addon-highlight": "8.6.14",
        "@storybook/addon-measure": "8.6.14",
        "@storybook/addon-outline": "8.6.14",
        "@storybook/addon-toolbars": "8.6.14",
        "@storybook/addon-viewport": "8.6.14",
        "ts-dedent": "^2.0.0"
      },
      "devDependencies": {
        "typescript": "^5.7.3"
      },
      "funding": {
        "type": "opencollective",
        "url": "https://opencollective.com/storybook"
      },
      "peerDependencies": {
        "storybook": "^8.6.14"
      }
    },
    "../../node_modules/.pnpm/@storybook+addon-interactions@8.6.14_storybook@8.6.15/node_modules/@storybook/addon-interactions": {
      "version": "8.6.14",
      "dev": true,
      "license": "MIT",
      "dependencies": {
        "@storybook/global": "^5.0.0",
        "@storybook/instrumenter": "8.6.14",
        "@storybook/test": "8.6.14",
        "polished": "^4.2.2",
        "ts-dedent": "^2.2.0"
      },
      "devDependencies": {
        "@devtools-ds/object-inspector": "^1.1.2",
        "@storybook/icons": "^1.2.5",
        "@types/node": "^22.0.0",
        "ansi-to-html": "^0.7.2",
        "formik": "^2.2.9",
        "react": "^18.2.0",
        "react-dom": "^18.2.0",
        "typescript": "^5.7.3"
      },
      "funding": {
        "type": "opencollective",
        "url": "https://opencollective.com/storybook"
      },
      "peerDependencies": {
        "storybook": "^8.6.14"
      }
    },
    "../../node_modules/.pnpm/@storybook+addon-links@8.6.15_react@19.2.3_storybook@8.6.15/node_modules/@storybook/addon-links": {
      "version": "8.6.15",
      "dev": true,
      "license": "MIT",
      "dependencies": {
        "@storybook/global": "^5.0.0",
        "ts-dedent": "^2.0.0"
      },
      "devDependencies": {
        "typescript": "^5.7.3"
      },
      "funding": {
        "type": "opencollective",
        "url": "https://opencollective.com/storybook"
      },
      "peerDependencies": {
        "react": "^16.8.0 || ^17.0.0 || ^18.0.0 || ^19.0.0-beta",
        "storybook": "^8.6.15"
      },
      "peerDependenciesMeta": {
        "react": {
          "optional": true
        }
      }
    },
    "../../node_modules/.pnpm/@storybook+blocks@8.6.14_react-dom@19.2.3_react@19.2.3__react@19.2.3_storybook@8.6.15/node_modules/@storybook/blocks": {
      "version": "8.6.14",
      "dev": true,
      "license": "MIT",
      "dependencies": {
        "@storybook/icons": "^1.2.12",
        "ts-dedent": "^2.0.0"
      },
      "devDependencies": {
        "@storybook/addon-actions": "8.6.14",
        "@storybook/react": "8.6.14",
        "@storybook/test": "8.6.14",
        "@types/color-convert": "^2.0.0",
        "color-convert": "^2.0.1",
        "es-toolkit": "^1.22.0",
        "github-slugger": "^2.0.0",
        "markdown-to-jsx": "^7.7.2",
        "memoizerific": "^1.11.3",
        "polished": "^4.2.2",
        "react-colorful": "^5.1.2",
        "telejson": "^7.2.0",
        "tocbot": "^4.20.1"
      },
      "funding": {
        "type": "opencollective",
        "url": "https://opencollective.com/storybook"
      },
      "peerDependencies": {
        "react": "^16.8.0 || ^17.0.0 || ^18.0.0 || ^19.0.0",
        "react-dom": "^16.8.0 || ^17.0.0 || ^18.0.0 || ^19.0.0",
        "storybook": "^8.6.14"
      },
      "peerDependenciesMeta": {
        "react": {
          "optional": true
        },
        "react-dom": {
          "optional": true
        }
      }
    },
    "../../node_modules/.pnpm/@storybook+preview-api@8.6.15_storybook@8.6.15/node_modules/@storybook/preview-api": {
      "version": "8.6.15",
      "dev": true,
      "license": "MIT",
      "funding": {
        "type": "opencollective",
        "url": "https://opencollective.com/storybook"
      },
      "peerDependencies": {
        "storybook": "^8.2.0 || ^8.3.0-0 || ^8.4.0-0 || ^8.5.0-0 || ^8.6.0-0"
      }
    },
    "../../node_modules/.pnpm/@storybook+react-vite@8.6.15_@storybook+test@8.6.15_storybook@8.6.15__react-dom@19.2.3__67aee7fb8a26593d26a03beb810eb038/node_modules/@storybook/react-vite": {
      "version": "8.6.15",
      "dev": true,
      "license": "MIT",
      "dependencies": {
        "@joshwooding/vite-plugin-react-docgen-typescript": "0.5.0",
        "@rollup/pluginutils": "^5.0.2",
        "@storybook/builder-vite": "8.6.15",
        "@storybook/react": "8.6.15",
        "find-up": "^5.0.0",
        "magic-string": "^0.30.0",
        "react-docgen": "^7.0.0",
        "resolve": "^1.22.8",
        "tsconfig-paths": "^4.2.0"
      },
      "devDependencies": {
        "@types/node": "^22.0.0",
        "typescript": "^5.7.3",
        "vite": "^4.0.0"
      },
      "engines": {
        "node": ">=18.0.0"
      },
      "funding": {
        "type": "opencollective",
        "url": "https://opencollective.com/storybook"
      },
      "peerDependencies": {
        "@storybook/test": "8.6.15",
        "react": "^16.8.0 || ^17.0.0 || ^18.0.0 || ^19.0.0-beta",
        "react-dom": "^16.8.0 || ^17.0.0 || ^18.0.0 || ^19.0.0-beta",
        "storybook": "^8.6.15",
        "vite": "^4.0.0 || ^5.0.0 || ^6.0.0"
      },
      "peerDependenciesMeta": {
        "@storybook/test": {
          "optional": true
        }
      }
    },
    "../../node_modules/.pnpm/@storybook+react@8.6.15_@storybook+test@8.6.15_storybook@8.6.15__react-dom@19.2.3_react_099b20e77535ea78d74a33f3b0050360/node_modules/@storybook/react": {
      "version": "8.6.15",
      "dev": true,
      "license": "MIT",
      "dependencies": {
        "@storybook/components": "8.6.15",
        "@storybook/global": "^5.0.0",
        "@storybook/manager-api": "8.6.15",
        "@storybook/preview-api": "8.6.15",
        "@storybook/react-dom-shim": "8.6.15",
        "@storybook/theming": "8.6.15"
      },
      "devDependencies": {
        "@storybook/test": "8.6.15",
        "@types/babel-plugin-react-docgen": "^4",
        "@types/escodegen": "^0.0.6",
        "@types/estree": "^0.0.51",
        "@types/node": "^22.0.0",
        "@types/semver": "^7.3.4",
        "acorn": "^7.4.1",
        "acorn-jsx": "^5.3.1",
        "acorn-walk": "^7.2.0",
        "babel-plugin-react-docgen": "^4.2.1",
        "es-toolkit": "^1.22.0",
        "escodegen": "^2.1.0",
        "expect-type": "^0.15.0",
        "html-tags": "^3.1.0",
        "prop-types": "^15.7.2",
        "react-element-to-jsx-string": "^15.0.0",
        "require-from-string": "^2.0.2",
        "semver": "^7.3.7",
        "ts-dedent": "^2.0.0",
        "type-fest": "~2.19"
      },
      "engines": {
        "node": ">=18.0.0"
      },
      "funding": {
        "type": "opencollective",
        "url": "https://opencollective.com/storybook"
      },
      "peerDependencies": {
        "@storybook/test": "8.6.15",
        "react": "^16.8.0 || ^17.0.0 || ^18.0.0 || ^19.0.0-beta",
        "react-dom": "^16.8.0 || ^17.0.0 || ^18.0.0 || ^19.0.0-beta",
        "storybook": "^8.6.15",
        "typescript": ">= 4.2.x"
      },
      "peerDependenciesMeta": {
        "@storybook/test": {
          "optional": true
        },
        "typescript": {
          "optional": true
        }
      }
    },
    "../../node_modules/.pnpm/@storybook+test@8.6.15_storybook@8.6.15/node_modules/@storybook/test": {
      "version": "8.6.15",
      "dev": true,
      "license": "MIT",
      "dependencies": {
        "@storybook/global": "^5.0.0",
        "@storybook/instrumenter": "8.6.15",
        "@testing-library/dom": "10.4.0",
        "@testing-library/jest-dom": "6.5.0",
        "@testing-library/user-event": "14.5.2",
        "@vitest/expect": "2.0.5",
        "@vitest/spy": "2.0.5"
      },
      "devDependencies": {
        "chai": "^5.1.1",
        "tinyspy": "^3.0.0",
        "ts-dedent": "^2.2.0",
        "type-fest": "~2.19",
        "typescript": "^5.7.3"
      },
      "funding": {
        "type": "opencollective",
        "url": "https://opencollective.com/storybook"
      },
      "peerDependencies": {
        "storybook": "^8.6.15"
      }
    },
    "../../node_modules/.pnpm/@types+node@22.19.7/node_modules/@types/node": {
      "version": "22.19.7",
      "dev": true,
      "license": "MIT",
      "dependencies": {
        "undici-types": "~6.21.0"
      }
    },
    "../../node_modules/.pnpm/@vitejs+plugin-react@5.1.2_vite@7.3.1_@types+node@22.19.7_terser@5.44.1_/node_modules/@vitejs/plugin-react": {
      "version": "5.1.2",
      "dev": true,
      "license": "MIT",
      "dependencies": {
        "@babel/core": "^7.28.5",
        "@babel/plugin-transform-react-jsx-self": "^7.27.1",
        "@babel/plugin-transform-react-jsx-source": "^7.27.1",
        "@rolldown/pluginutils": "1.0.0-beta.53",
        "@types/babel__core": "^7.20.5",
        "react-refresh": "^0.18.0"
      },
      "devDependencies": {
        "@vitejs/react-common": "workspace:*",
        "babel-plugin-react-compiler": "19.1.0-rc.3",
        "react": "^19.2.1",
        "react-dom": "^19.2.1",
        "rolldown": "1.0.0-beta.53",
        "tsdown": "^0.17.1"
      },
      "engines": {
        "node": "^20.19.0 || >=22.12.0"
      },
      "peerDependencies": {
        "vite": "^4.2.0 || ^5.0.0 || ^6.0.0 || ^7.0.0"
      }
    },
    "../../node_modules/.pnpm/date-fns@4.1.0/node_modules/date-fns": {
      "version": "4.1.0",
      "license": "MIT",
      "devDependencies": {
        "@arethetypeswrong/cli": "^0.16.2",
        "@babel/cli": "^7.22.10",
        "@babel/core": "^7.22.10",
        "@babel/preset-env": "^7.22.10",
        "@babel/preset-typescript": "^7.22.5",
        "@date-fns/docs": "^0.38.0",
        "@date-fns/tz": "^1.0.2",
        "@date-fns/utc": "^1.2.0",
        "@octokit/core": "^3.2.5",
        "@size-limit/esbuild": "^11.0.1",
        "@size-limit/file": "^11.0.1",
        "@types/bun": "^1.1.9",
        "@types/lodash": "^4.14.202",
        "@types/node": "^20.14.2",
        "@types/sinon": "^9.0.6",
        "@typescript-eslint/eslint-plugin": "^8.5.0",
        "@typescript-eslint/parser": "^8.5.0",
        "@vitest/browser": "^1.3.1",
        "@vitest/coverage-v8": "^1.3.1",
        "babel-plugin-replace-import-extension": "^1.1.4",
        "bun": "^1.1.27",
        "cloc": "^2.2.0",
        "coveralls": "^3.1.1",
        "eslint": "^9.10.0",
        "firebase": "^3.7.1",
        "fp-ts": "^2.16.2",
        "js-fns": "^2.5.1",
        "jscodeshift": "^0.15.2",
        "lodash": "^4.17.21",
        "playwright": "^1.40.1",
        "prettier": "^3.1.0",
        "simple-git": "^2.35.2",
        "sinon": "^7.4.1",
        "size-limit": "^11.0.1",
        "tsx": "^4.6.1",
        "typedoc": "^0.26.7",
        "typedoc-plugin-missing-exports": "^3.0.0",
        "typescript": "^5.4.5",
        "vitest": "^1.3.1"
      },
      "funding": {
        "type": "github",
        "url": "https://github.com/sponsors/kossnocorp"
      }
    },
    "../../node_modules/.pnpm/storybook@8.6.15/node_modules/storybook": {
      "version": "8.6.15",
      "dev": true,
      "license": "MIT",
      "dependencies": {
        "@storybook/core": "8.6.15"
      },
      "bin": {
        "getstorybook": "bin/index.cjs",
        "sb": "bin/index.cjs",
        "storybook": "bin/index.cjs"
      },
      "devDependencies": {
        "typescript": "^5.7.3"
      },
      "funding": {
        "type": "opencollective",
        "url": "https://opencollective.com/storybook"
      },
      "peerDependencies": {
        "prettier": "^2 || ^3"
      },
      "peerDependenciesMeta": {
        "prettier": {
          "optional": true
        }
      }
    },
    "../../node_modules/.pnpm/vite-plugin-dts@4.5.4_@types+node@22.19.7_rollup@4.55.1_typescript@5.9.3_vite@7.3.1_@types+node@22.19.7_terser@5.44.1_/node_modules/vite-plugin-dts": {
      "version": "4.5.4",
      "dev": true,
      "license": "MIT",
      "dependencies": {
        "@microsoft/api-extractor": "^7.50.1",
        "@rollup/pluginutils": "^5.1.4",
        "@volar/typescript": "^2.4.11",
        "@vue/language-core": "2.2.0",
        "compare-versions": "^6.1.1",
        "debug": "^4.4.0",
        "kolorist": "^1.8.0",
        "local-pkg": "^1.0.0",
        "magic-string": "^0.30.17"
      },
      "devDependencies": {
        "@commitlint/cli": "^19.7.1",
        "@types/debug": "^4.1.12",
        "@types/minimist": "^1.2.5",
        "@types/node": "^22.13.5",
        "@types/prompts": "^2.4.9",
        "@types/semver": "^7.5.8",
        "@vexip-ui/commitlint-config": "^0.5.0",
        "@vexip-ui/eslint-config": "^0.12.1",
        "@vexip-ui/prettier-config": "^1.0.0",
        "@vexip-ui/scripts": "^1.2.0",
        "@vue/eslint-config-standard": "^8.0.1",
        "@vue/eslint-config-typescript": "^13.0.0",
        "conventional-changelog-cli": "^5.0.0",
        "eslint": "^8.57.0",
        "execa": "^9.5.2",
        "husky": "^9.1.7",
        "is-ci": "^4.1.0",
        "lint-staged": "^15.4.3",
        "minimist": "^1.2.8",
        "pinst": "^3.0.0",
        "prettier": "^3.5.2",
        "pretty-quick": "^4.0.0",
        "prompts": "^2.4.2",
        "rimraf": "^6.0.1",
        "semver": "^7.7.1",
        "tsx": "^4.19.3",
        "typescript": "5.7.3",
        "unbuild": "^3.3.1",
        "vite": "^6.2.0",
        "vitest": "^3.0.7"
      },
      "peerDependencies": {
        "typescript": "*",
        "vite": "*"
      },
      "peerDependenciesMeta": {
        "vite": {
          "optional": true
        }
      }
    },
    "../../node_modules/.pnpm/vite@7.3.1_@types+node@22.19.7_terser@5.44.1/node_modules/vite": {
      "version": "7.3.1",
      "dev": true,
      "license": "MIT",
      "dependencies": {
        "esbuild": "^0.27.0",
        "fdir": "^6.5.0",
        "picomatch": "^4.0.3",
        "postcss": "^8.5.6",
        "rollup": "^4.43.0",
        "tinyglobby": "^0.2.15"
      },
      "bin": {
        "vite": "bin/vite.js"
      },
      "devDependencies": {
        "@babel/parser": "^7.28.5",
        "@jridgewell/remapping": "^2.3.5",
        "@jridgewell/trace-mapping": "^0.3.31",
        "@oxc-project/types": "0.95.0",
        "@polka/compression": "^1.0.0-next.25",
        "@rolldown/pluginutils": "^1.0.0-beta.52",
        "@rollup/plugin-alias": "^5.1.1",
        "@rollup/plugin-commonjs": "^29.0.0",
        "@rollup/plugin-dynamic-import-vars": "2.1.4",
        "@rollup/pluginutils": "^5.3.0",
        "@types/escape-html": "^1.0.4",
        "@types/pnpapi": "^0.0.5",
        "artichokie": "^0.4.2",
        "baseline-browser-mapping": "^2.8.32",
        "cac": "^6.7.14",
        "chokidar": "^3.6.0",
        "connect": "^3.7.0",
        "convert-source-map": "^2.0.0",
        "cors": "^2.8.5",
        "cross-spawn": "^7.0.6",
        "dotenv": "^17.2.3",
        "dotenv-expand": "^12.0.3",
        "es-module-lexer": "^1.7.0",
        "escape-html": "^1.0.3",
        "estree-walker": "^3.0.3",
        "etag": "^1.8.1",
        "host-validation-middleware": "^0.1.2",
        "http-proxy-3": "^1.22.0",
        "launch-editor-middleware": "^2.12.0",
        "lightningcss": "^1.30.2",
        "magic-string": "^0.30.21",
        "mlly": "^1.8.0",
        "mrmime": "^2.0.1",
        "nanoid": "^5.1.6",
        "obug": "^1.0.2",
        "open": "^10.2.0",
        "parse5": "^8.0.0",
        "pathe": "^2.0.3",
        "periscopic": "^4.0.2",
        "picocolors": "^1.1.1",
        "postcss-import": "^16.1.1",
        "postcss-load-config": "^6.0.1",
        "postcss-modules": "^6.0.1",
        "premove": "^4.0.0",
        "resolve.exports": "^2.0.3",
        "rolldown": "^1.0.0-beta.52",
        "rolldown-plugin-dts": "^0.18.1",
        "rollup-plugin-license": "^3.6.0",
        "sass": "^1.94.2",
        "sass-embedded": "^1.93.3",
        "sirv": "^3.0.2",
        "strip-literal": "^3.1.0",
        "terser": "^5.44.1",
        "tsconfck": "^3.1.6",
        "ufo": "^1.6.1",
        "ws": "^8.18.3"
      },
      "engines": {
        "node": "^20.19.0 || >=22.12.0"
      },
      "funding": {
        "url": "https://github.com/vitejs/vite?sponsor=1"
      },
      "optionalDependencies": {
        "fsevents": "~2.3.3"
      },
      "peerDependencies": {
        "@types/node": "^20.19.0 || >=22.12.0",
        "jiti": ">=1.21.0",
        "less": "^4.0.0",
        "lightningcss": "^1.21.0",
        "sass": "^1.70.0",
        "sass-embedded": "^1.70.0",
        "stylus": ">=0.54.8",
        "sugarss": "^5.0.0",
        "terser": "^5.16.0",
        "tsx": "^4.8.1",
        "yaml": "^2.4.2"
      },
      "peerDependenciesMeta": {
        "@types/node": {
          "optional": true
        },
        "jiti": {
          "optional": true
        },
        "less": {
          "optional": true
        },
        "lightningcss": {
          "optional": true
        },
        "sass": {
          "optional": true
        },
        "sass-embedded": {
          "optional": true
        },
        "stylus": {
          "optional": true
        },
        "sugarss": {
          "optional": true
        },
        "terser": {
          "optional": true
        },
        "tsx": {
          "optional": true
        },
        "yaml": {
          "optional": true
        }
      }
    },
    "../design-tokens": {
      "name": "@org/design-tokens",
      "version": "0.0.0"
    },
    "node_modules/@org/design-tokens": {
      "resolved": "../design-tokens",
      "link": true
    },
    "node_modules/@storybook/addon-docs": {
      "resolved": "../../node_modules/.pnpm/@storybook+addon-docs@8.6.14_@types+react@19.2.7_storybook@8.6.15/node_modules/@storybook/addon-docs",
      "link": true
    },
    "node_modules/@storybook/addon-essentials": {
      "resolved": "../../node_modules/.pnpm/@storybook+addon-essentials@8.6.14_@types+react@19.2.7_storybook@8.6.15/node_modules/@storybook/addon-essentials",
      "link": true
    },
    "node_modules/@storybook/addon-interactions": {
      "resolved": "../../node_modules/.pnpm/@storybook+addon-interactions@8.6.14_storybook@8.6.15/node_modules/@storybook/addon-interactions",
      "link": true
    },
    "node_modules/@storybook/addon-links": {
      "resolved": "../../node_modules/.pnpm/@storybook+addon-links@8.6.15_react@19.2.3_storybook@8.6.15/node_modules/@storybook/addon-links",
      "link": true
    },
    "node_modules/@storybook/blocks": {
      "resolved": "../../node_modules/.pnpm/@storybook+blocks@8.6.14_react-dom@19.2.3_react@19.2.3__react@19.2.3_storybook@8.6.15/node_modules/@storybook/blocks",
      "link": true
    },
    "node_modules/@storybook/preview-api": {
      "resolved": "../../node_modules/.pnpm/@storybook+preview-api@8.6.15_storybook@8.6.15/node_modules/@storybook/preview-api",
      "link": true
    },
    "node_modules/@storybook/react": {
      "resolved": "../../node_modules/.pnpm/@storybook+react@8.6.15_@storybook+test@8.6.15_storybook@8.6.15__react-dom@19.2.3_react_099b20e77535ea78d74a33f3b0050360/node_modules/@storybook/react",
      "link": true
    },
    "node_modules/@storybook/react-vite": {
      "resolved": "../../node_modules/.pnpm/@storybook+react-vite@8.6.15_@storybook+test@8.6.15_storybook@8.6.15__react-dom@19.2.3__67aee7fb8a26593d26a03beb810eb038/node_modules/@storybook/react-vite",
      "link": true
    },
    "node_modules/@storybook/test": {
      "resolved": "../../node_modules/.pnpm/@storybook+test@8.6.15_storybook@8.6.15/node_modules/@storybook/test",
      "link": true
    },
    "node_modules/@types/node": {
      "resolved": "../../node_modules/.pnpm/@types+node@22.19.7/node_modules/@types/node",
      "link": true
    },
    "node_modules/@types/prop-types": {
      "version": "15.7.15",
      "resolved": "https://registry.npmjs.org/@types/prop-types/-/prop-types-15.7.15.tgz",
      "integrity": "sha512-F6bEyamV9jKGAFBEmlQnesRPGOQqS2+Uwi0Em15xenOxHaf2hv6L8YCVn3rPdPJOiJfPiCnLIRyvwVaqMY3MIw==",
      "dev": true,
      "license": "MIT"
    },
    "node_modules/@types/react": {
      "version": "18.3.27",
      "resolved": "https://registry.npmjs.org/@types/react/-/react-18.3.27.tgz",
      "integrity": "sha512-cisd7gxkzjBKU2GgdYrTdtQx1SORymWyaAFhaxQPK9bYO9ot3Y5OikQRvY0VYQtvwjeQnizCINJAenh/V7MK2w==",
      "dev": true,
      "license": "MIT",
      "dependencies": {
        "@types/prop-types": "*",
        "csstype": "^3.2.2"
      }
    },
    "node_modules/@types/react-dom": {
      "version": "18.3.7",
      "resolved": "https://registry.npmjs.org/@types/react-dom/-/react-dom-18.3.7.tgz",
      "integrity": "sha512-MEe3UeoENYVFXzoXEWsvcpg6ZvlrFNlOQ7EOsvhI3CfAXwzPfO8Qwuxd40nepsYKqyyVQnTdEfv68q91yLcKrQ==",
      "dev": true,
      "license": "MIT",
      "peerDependencies": {
        "@types/react": "^18.0.0"
      }
    },
    "node_modules/@vitejs/plugin-react": {
      "resolved": "../../node_modules/.pnpm/@vitejs+plugin-react@5.1.2_vite@7.3.1_@types+node@22.19.7_terser@5.44.1_/node_modules/@vitejs/plugin-react",
      "link": true
    },
    "node_modules/csstype": {
      "version": "3.2.3",
      "resolved": "https://registry.npmjs.org/csstype/-/csstype-3.2.3.tgz",
      "integrity": "sha512-z1HGKcYy2xA8AGQfwrn0PAy+PB7X/GSj3UVJW9qKyn43xWa+gl5nXmU4qqLMRzWVLFC8KusUX8T/0kCiOYpAIQ==",
      "dev": true,
      "license": "MIT"
    },
    "node_modules/date-fns": {
      "resolved": "../../node_modules/.pnpm/date-fns@4.1.0/node_modules/date-fns",
      "link": true
    },
    "node_modules/js-tokens": {
      "version": "4.0.0",
      "resolved": "https://registry.npmjs.org/js-tokens/-/js-tokens-4.0.0.tgz",
      "integrity": "sha512-RdJUflcE3cUzKiMqQgsCu06FPu9UdIJO0beYbPhHN4k6apgJtifcoCtT9bcxOpYBtpD2kCM6Sbzg4CausW/PKQ==",
      "dev": true,
      "license": "MIT"
    },
    "node_modules/loose-envify": {
      "version": "1.4.0",
      "resolved": "https://registry.npmjs.org/loose-envify/-/loose-envify-1.4.0.tgz",
      "integrity": "sha512-lyuxPGr/Wfhrlem2CL/UcnUc1zcqKAImBDzukY7Y5F/yQiNdko6+fRLevlw1HgMySw7f611UIY408EtxRSoK3Q==",
      "dev": true,
      "license": "MIT",
      "dependencies": {
        "js-tokens": "^3.0.0 || ^4.0.0"
      },
      "bin": {
        "loose-envify": "cli.js"
      }
    },
    "node_modules/react": {
      "version": "18.3.1",
      "resolved": "https://registry.npmjs.org/react/-/react-18.3.1.tgz",
      "integrity": "sha512-wS+hAgJShR0KhEvPJArfuPVN1+Hz1t0Y6n5jLrGQbkb4urgPE/0Rve+1kMB1v/oWgHgm4WIcV+i7F2pTVj+2iQ==",
      "dev": true,
      "license": "MIT",
      "dependencies": {
        "loose-envify": "^1.1.0"
      },
      "engines": {
        "node": ">=0.10.0"
      }
    },
    "node_modules/react-dom": {
      "version": "18.3.1",
      "resolved": "https://registry.npmjs.org/react-dom/-/react-dom-18.3.1.tgz",
      "integrity": "sha512-5m4nQKp+rZRb09LNH59GM4BxTh9251/ylbKIbpe7TpGxfJ+9kv6BLkLBXIjjspbgbnIBNqlI23tRnTWT0snUIw==",
      "dev": true,
      "license": "MIT",
      "dependencies": {
        "loose-envify": "^1.1.0",
        "scheduler": "^0.23.2"
      },
      "peerDependencies": {
        "react": "^18.3.1"
      }
    },
    "node_modules/scheduler": {
      "version": "0.23.2",
      "resolved": "https://registry.npmjs.org/scheduler/-/scheduler-0.23.2.tgz",
      "integrity": "sha512-UOShsPwz7NrMUqhR6t0hWjFduvOzbtv7toDH1/hIrfRNIDBnnBWd0CwJTGvTpngVlmwGCdP9/Zl/tVrDqcuYzQ==",
      "dev": true,
      "license": "MIT",
      "dependencies": {
        "loose-envify": "^1.1.0"
      }
    },
    "node_modules/storybook": {
      "resolved": "../../node_modules/.pnpm/storybook@8.6.15/node_modules/storybook",
      "link": true
    },
    "node_modules/vite": {
      "resolved": "../../node_modules/.pnpm/vite@7.3.1_@types+node@22.19.7_terser@5.44.1/node_modules/vite",
      "link": true
    },
    "node_modules/vite-plugin-dts": {
      "resolved": "../../node_modules/.pnpm/vite-plugin-dts@4.5.4_@types+node@22.19.7_rollup@4.55.1_typescript@5.9.3_vite@7.3.1_@types+node@22.19.7_terser@5.44.1_/node_modules/vite-plugin-dts",
      "link": true
    }
  }
}
